// !$*UTF8*$!
{
	archiveVersion = 1;
	classes = {
	};
	objectVersion = 46;
	objects = {

/* Begin PBXBuildFile section */
		97491E701BB89E0E000CA945 /* main.cpp in Sources */ = {isa = PBXBuildFile; fileRef = 97491E6F1BB89E0E000CA945 /* main.cpp */; };
		97491E781BB8AC40000CA945 /* MyClass.cpp in Sources */ = {isa = PBXBuildFile; fileRef = 97491E761BB8AC40000CA945 /* MyClass.cpp */; settings = {ASSET_TAGS = (); }; };
/* End PBXBuildFile section */

/* Begin PBXCopyFilesBuildPhase section */
		97491E6A1BB89E0E000CA945 /* CopyFiles */ = {
			isa = PBXCopyFilesBuildPhase;
			buildActionMask = 2147483647;
			dstPath = /usr/share/man/man1/;
			dstSubfolderSpec = 0;
			files = (
			);
			runOnlyForDeploymentPostprocessing = 1;
		};
/* End PBXCopyFilesBuildPhase section */

/* Begin PBXFileReference section */
		97491E6C1BB89E0E000CA945 /* BasicCPlusPlusTutorial */ = {isa = PBXFileReference; explicitFileType = "compiled.mach-o.executable"; includeInIndex = 0; path = BasicCPlusPlusTutorial; sourceTree = BUILT_PRODUCTS_DIR; };
		97491E6F1BB89E0E000CA945 /* main.cpp */ = {isa = PBXFileReference; lastKnownFileType = sourcecode.cpp.cpp; path = main.cpp; sourceTree = "<group>"; };
		97491E761BB8AC40000CA945 /* MyClass.cpp */ = {isa = PBXFileReference; fileEncoding = 4; lastKnownFileType = sourcecode.cpp.cpp; path = MyClass.cpp; sourceTree = "<group>"; };
		97491E771BB8AC40000CA945 /* MyClass.hpp */ = {isa = PBXFileReference; fileEncoding = 4; lastKnownFileType = sourcecode.cpp.h; path = MyClass.hpp; sourceTree = "<group>"; };
/* End PBXFileReference section */

/* Begin PBXFrameworksBuildPhase section */
		97491E691BB89E0E000CA945 /* Frameworks */ = {
			isa = PBXFrameworksBuildPhase;
			buildActionMask = 2147483647;
			files = (
			);
			runOnlyForDeploymentPostprocessing = 0;
		};
/* End PBXFrameworksBuildPhase section */

/* Begin PBXGroup section */
		97491E631BB89E0E000CA945 = {
			isa = PBXGroup;
			children = (
				97491E6E1BB89E0E000CA945 /* BasicCPlusPlusTutorial */,
				97491E6D1BB89E0E000CA945 /* Products */,
			);
			sourceTree = "<group>";
		};
		97491E6D1BB89E0E000CA945 /* Products */ = {
			isa = PBXGroup;
			children = (
				97491E6C1BB89E0E000CA945 /* BasicCPlusPlusTutorial */,
			);
			name = Products;
			sourceTree = "<group>";
		};
		97491E6E1BB89E0E000CA945 /* BasicCPlusPlusTutorial */ = {
			isa = PBXGroup;
			children = (
				97491E6F1BB89E0E000CA945 /* main.cpp */,
				97491E761BB8AC40000CA945 /* MyClass.cpp */,
				97491E771BB8AC40000CA945 /* MyClass.hpp */,
			);
			path = BasicCPlusPlusTutorial;
			sourceTree = "<group>";
		};
/* End PBXGroup section */

/* Begin PBXNativeTarget section */
		97491E6B1BB89E0E000CA945 /* BasicCPlusPlusTutorial */ = {
			isa = PBXNativeTarget;
			buildConfigurationList = 97491E731BB89E0E000CA945 /* Build configuration list for PBXNativeTarget "BasicCPlusPlusTutorial" */;
			buildPhases = (
				97491E681BB89E0E000CA945 /* Sources */,
				97491E691BB89E0E000CA945 /* Frameworks */,
				97491E6A1BB89E0E000CA945 /* CopyFiles */,
			);
			buildRules = (
			);
			dependencies = (
			);
			name = BasicCPlusPlusTutorial;
			productName = BasicCPlusPlusTutorial;
			productReference = 97491E6C1BB89E0E000CA945 /* BasicCPlusPlusTutorial */;
			productType = "com.apple.product-type.tool";
		};
/* End PBXNativeTarget section */

/* Begin PBXProject section */
		97491E641BB89E0E000CA945 /* Project object */ = {
			isa = PBXProject;
			attributes = {
				LastUpgradeCheck = 0700;
				ORGANIZATIONNAME = pubnub;
				TargetAttributes = {
					97491E6B1BB89E0E000CA945 = {
						CreatedOnToolsVersion = 7.0;
					};
				};
			};
			buildConfigurationList = 97491E671BB89E0E000CA945 /* Build configuration list for PBXProject "BasicCPlusPlusTutorial" */;
			compatibilityVersion = "Xcode 3.2";
			developmentRegion = English;
			hasScannedForEncodings = 0;
			knownRegions = (
				en,
			);
			mainGroup = 97491E631BB89E0E000CA945;
			productRefGroup = 97491E6D1BB89E0E000CA945 /* Products */;
			projectDirPath = "";
			projectRoot = "";
			targets = (
				97491E6B1BB89E0E000CA945 /* BasicCPlusPlusTutorial */,
			);
		};
/* End PBXProject section */

/* Begin PBXSourcesBuildPhase section */
		97491E681BB89E0E000CA945 /* Sources */ = {
			isa = PBXSourcesBuildPhase;
			buildActionMask = 2147483647;
			files = (
				97491E781BB8AC40000CA945 /* MyClass.cpp in Sources */,
				97491E701BB89E0E000CA945 /* main.cpp in Sources */,
			);
			runOnlyForDeploymentPostprocessing = 0;
		};
/* End PBXSourcesBuildPhase section */

/* Begin XCBuildConfiguration section */
		97491E711BB89E0E000CA945 /* Debug */ = {
			isa = XCBuildConfiguration;
			buildSettings = {
				ALWAYS_SEARCH_USER_PATHS = NO;
				CLANG_CXX_LANGUAGE_STANDARD = "gnu++0x";
				CLANG_CXX_LIBRARY = "libc++";
				CLANG_ENABLE_MODULES = YES;
				CLANG_ENABLE_OBJC_ARC = YES;
				CLANG_WARN_BOOL_CONVERSION = YES;
				CLANG_WARN_CONSTANT_CONVERSION = YES;
				CLANG_WARN_DIRECT_OBJC_ISA_USAGE = YES_ERROR;
				CLANG_WARN_EMPTY_BODY = YES;
				CLANG_WARN_ENUM_CONVERSION = YES;
				CLANG_WARN_INT_CONVERSION = YES;
				CLANG_WARN_OBJC_ROOT_CLASS = YES_ERROR;
				CLANG_WARN_UNREACHABLE_CODE = YES;
				CLANG_WARN__DUPLICATE_METHOD_MATCH = YES;
				COPY_PHASE_STRIP = NO;
				DEBUG_INFORMATION_FORMAT = dwarf;
				ENABLE_STRICT_OBJC_MSGSEND = YES;
				ENABLE_TESTABILITY = YES;
				GCC_C_LANGUAGE_STANDARD = gnu99;
				GCC_DYNAMIC_NO_PIC = NO;
				GCC_NO_COMMON_BLOCKS = YES;
				GCC_OPTIMIZATION_LEVEL = 0;
				GCC_PREPROCESSOR_DEFINITIONS = (
					"DEBUG=1",
					"$(inherited)",
				);
				GCC_WARN_64_TO_32_BIT_CONVERSION = YES;
				GCC_WARN_ABOUT_RETURN_TYPE = YES_ERROR;
				GCC_WARN_UNDECLARED_SELECTOR = YES;
				GCC_WARN_UNINITIALIZED_AUTOS = YES_AGGRESSIVE;
				GCC_WARN_UNUSED_FUNCTION = YES;
				GCC_WARN_UNUSED_VARIABLE = YES;
				MACOSX_DEPLOYMENT_TARGET = 10.10;
				MTL_ENABLE_DEBUG_INFO = YES;
				ONLY_ACTIVE_ARCH = YES;
				SDKROOT = macosx;
			};
			name = Debug;
		};
		97491E721BB89E0E000CA945 /* Release */ = {
			isa = XCBuildConfiguration;
			buildSettings = {
				ALWAYS_SEARCH_USER_PATHS = NO;
				CLANG_CXX_LANGUAGE_STANDARD = "gnu++0x";
				CLANG_CXX_LIBRARY = "libc++";
				CLANG_ENABLE_MODULES = YES;
				CLANG_ENABLE_OBJC_ARC = YES;
				CLANG_WARN_BOOL_CONVERSION = YES;
				CLANG_WARN_CONSTANT_CONVERSION = YES;
				CLANG_WARN_DIRECT_OBJC_ISA_USAGE = YES_ERROR;
				CLANG_WARN_EMPTY_BODY = YES;
				CLANG_WARN_ENUM_CONVERSION = YES;
				CLANG_WARN_INT_CONVERSION = YES;
				CLANG_WARN_OBJC_ROOT_CLASS = YES_ERROR;
				CLANG_WARN_UNREACHABLE_CODE = YES;
				CLANG_WARN__DUPLICATE_METHOD_MATCH = YES;
				COPY_PHASE_STRIP = NO;
				DEBUG_INFORMATION_FORMAT = "dwarf-with-dsym";
				ENABLE_NS_ASSERTIONS = NO;
				ENABLE_STRICT_OBJC_MSGSEND = YES;
				GCC_C_LANGUAGE_STANDARD = gnu99;
				GCC_NO_COMMON_BLOCKS = YES;
				GCC_WARN_64_TO_32_BIT_CONVERSION = YES;
				GCC_WARN_ABOUT_RETURN_TYPE = YES_ERROR;
				GCC_WARN_UNDECLARED_SELECTOR = YES;
				GCC_WARN_UNINITIALIZED_AUTOS = YES_AGGRESSIVE;
				GCC_WARN_UNUSED_FUNCTION = YES;
				GCC_WARN_UNUSED_VARIABLE = YES;
				MACOSX_DEPLOYMENT_TARGET = 10.10;
				MTL_ENABLE_DEBUG_INFO = NO;
				SDKROOT = macosx;
			};
			name = Release;
		};
		97491E741BB89E0E000CA945 /* Debug */ = {
			isa = XCBuildConfiguration;
			buildSettings = {
				PRODUCT_NAME = "$(TARGET_NAME)";
			};
			name = Debug;
		};
		97491E751BB89E0E000CA945 /* Release */ = {
			isa = XCBuildConfiguration;
			buildSettings = {
				PRODUCT_NAME = "$(TARGET_NAME)";
			};
			name = Release;
		};
/* End XCBuildConfiguration section */

/* Begin XCConfigurationList section */
		97491E671BB89E0E000CA945 /* Build configuration list for PBXProject "BasicCPlusPlusTutorial" */ = {
			isa = XCConfigurationList;
			buildConfigurations = (
				97491E711BB89E0E000CA945 /* Debug */,
				97491E721BB89E0E000CA945 /* Release */,
			);
			defaultConfigurationIsVisible = 0;
			defaultConfigurationName = Release;
		};
		97491E731BB89E0E000CA945 /* Build configuration list for PBXNativeTarget "BasicCPlusPlusTutorial" */ = {
			isa = XCConfigurationList;
			buildConfigurations = (
				97491E741BB89E0E000CA945 /* Debug */,
				97491E751BB89E0E000CA945 /* Release */,
			);
			defaultConfigurationIsVisible = 0;
		};
/* End XCConfigurationList section */
	};
	rootObject = 97491E641BB89E0E000CA945 /* Project object */;
}
